
Microsoft Visual Studio Solution File, Format Version 12.00
# Visual Studio Version 17
VisualStudioVersion = 17.4.33213.308
MinimumVisualStudioVersion = 10.0.40219.1
Project("{8BC9CEB8-8B4A-11D0-8D11-00A0C91BC942}") = "Calamity", "Calamity\Calamity.vcxproj", "{12DEDEDF-A365-4DF0-8830-63599E011FC8}"
EndProject
Project("{8BC9CEB8-8B4A-11D0-8D11-00A0C91BC942}") = "CalamityNative", "CalamityNative\CalamityNative.vcxproj", "{88A33866-B2C1-47D6-8CA9-C0ED67E79CE9}"
EndProject
Global
	GlobalSection(SolutionConfigurationPlatforms) = preSolution
		Debug|x64 = Debug|x64
		Debug|x86 = Debug|x86
		Release|x64 = Release|x64
		Release|x86 = Release|x86
	EndGlobalSection
	GlobalSection(ProjectConfigurationPlatforms) = postSolution
		{12DEDEDF-A365-4DF0-8830-63599E011FC8}.Debug|x64.ActiveCfg = Release|x64
		{12DEDEDF-A365-4DF0-8830-63599E011FC8}.Debug|x64.Build.0 = Release|x64
		{12DEDEDF-A365-4DF0-8830-63599E011FC8}.Debug|x86.ActiveCfg = Release|x64
		{12DEDEDF-A365-4DF0-8830-63599E011FC8}.Debug|x86.Build.0 = Release|x64
		{12DEDEDF-A365-4DF0-8830-63599E011FC8}.Release|x64.ActiveCfg = Release|x64
		{12DEDEDF-A365-4DF0-8830-63599E011FC8}.Release|x64.Build.0 = Release|x64
		{12DEDEDF-A365-4DF0-8830-63599E011FC8}.Release|x86.ActiveCfg = Release|x64
		{12DEDEDF-A365-4DF0-8830-63599E011FC8}.Release|x86.Build.0 = Release|x64
		{88A33866-B2C1-47D6-8CA9-C0ED67E79CE9}.Debug|x64.ActiveCfg = Debug|x64
		{88A33866-B2C1-47D6-8CA9-C0ED67E79CE9}.Debug|x64.Build.0 = Debug|x64
		{88A33866-B2C1-47D6-8CA9-C0ED67E79CE9}.Debug|x86.ActiveCfg = Debug|x64
		{88A33866-B2C1-47D6-8CA9-C0ED67E79CE9}.Release|x64.ActiveCfg = Release|x64
		{88A33866-B2C1-47D6-8CA9-C0ED67E79CE9}.Release|x64.Build.0 = Release|x64
		{88A33866-B2C1-47D6-8CA9-C0ED67E79CE9}.Release|x86.ActiveCfg = Release|x64
	EndGlobalSection
	GlobalSection(SolutionProperties) = preSolution
		HideSolutionNode = FALSE
	EndGlobalSection
	GlobalSection(ExtensibilityGlobals) = postSolution
		SolutionGuid = {3E54F88F-1B8C-4AAD-8805-C0D59E3E35F8}
	EndGlobalSection
EndGlobal
